{
  "requires": true,
  "lockfileVersion": 1,
  "dependencies": {
    "fs": {
      "version": "0.0.1-security",
      "resolved": "https://registry.npmjs.org/fs/-/fs-0.0.1-security.tgz",
      "integrity": "sha1-invTcYa23d84E/I4WLV+yq9eQdQ="
    },
    "readwrite": {
      "version": "1.1.0",
      "resolved": "https://registry.npmjs.org/readwrite/-/readwrite-1.1.0.tgz",
      "integrity": "sha512-Pl7V+gAEUDakRyFp3p8bA3HxyIJjMi7PcKV3ehUTU0yP7switjcumNwBsbpU2EFf79bBFUvDrbWCNJT5AbMicw=="
    }
  }
}
